// !$*UTF8*$!
{
	archiveVersion = 1;
	classes = {
	};
	objectVersion = 46;
	objects = {

/* Begin PBXBuildFile section */
		3259991C182A815F001E7D99 /* CmdPSReset.cpp in Sources */ = {isa = PBXBuildFile; fileRef = 3259991A182A815F001E7D99 /* CmdPSReset.cpp */; };
		3288CE9E1830CF4700476B85 /* CmdPSSetSlope.cpp in Sources */ = {isa = PBXBuildFile; fileRef = 3288CE9C1830CF4700476B85 /* CmdPSSetSlope.cpp */; };
		3288CEA11830E6EC00476B85 /* CmdPSSetCurrent.cpp in Sources */ = {isa = PBXBuildFile; fileRef = 3288CE9F1830E6EC00476B85 /* CmdPSSetCurrent.cpp */; };
		329C7A12182A353300AF1465 /* CmdPSMode.cpp in Sources */ = {isa = PBXBuildFile; fileRef = 329C7A10182A353300AF1465 /* CmdPSMode.cpp */; };
		32B8C19E18292A82001CF714 /* CmdPSDefault.cpp in Sources */ = {isa = PBXBuildFile; fileRef = 32B8C19C18292A82001CF714 /* CmdPSDefault.cpp */; };
		32B8C1A5182931D9001CF714 /* AbstractPowerSupplyCommand.cpp in Sources */ = {isa = PBXBuildFile; fileRef = 32B8C1A3182931D9001CF714 /* AbstractPowerSupplyCommand.cpp */; };
		32CCE8BB1828D90F00BDCEA0 /* SCPowerSupplyControlUnit.cpp in Sources */ = {isa = PBXBuildFile; fileRef = 32CCE8B91828D90F00BDCEA0 /* SCPowerSupplyControlUnit.cpp */; };
		5303A93218190F4E0070356D /* powersupply_cu.cpp in Sources */ = {isa = PBXBuildFile; fileRef = 5303A92F18190F4E0070356D /* powersupply_cu.cpp */; };
		5303A93418194CDC0070356D /* GenericPowerSupplyDD.cpp in Sources */ = {isa = PBXBuildFile; fileRef = 5303A92B18190ED00070356D /* GenericPowerSupplyDD.cpp */; };
		5303A93518194CDC0070356D /* GenericPowerSupplyDD.h in Sources */ = {isa = PBXBuildFile; fileRef = 5303A92C18190ED00070356D /* GenericPowerSupplyDD.h */; };
		5303A93618194CDC0070356D /* ChaosPowerSupplyInterface.cpp in Sources */ = {isa = PBXBuildFile; fileRef = 5303A92718190EBF0070356D /* ChaosPowerSupplyInterface.cpp */; };
		5303A93718194CDC0070356D /* ChaosPowerSupplyInterface.h in Sources */ = {isa = PBXBuildFile; fileRef = 5303A92818190EBF0070356D /* ChaosPowerSupplyInterface.h */; };
		5303A93818197A240070356D /* PowerSupplyControlUnit.cpp in Sources */ = {isa = PBXBuildFile; fileRef = 5303A93018190F4E0070356D /* PowerSupplyControlUnit.cpp */; };
		5303A93B1819BB010070356D /* ChaosPowerSupplyInterface.h in Headers */ = {isa = PBXBuildFile; fileRef = 5303A92818190EBF0070356D /* ChaosPowerSupplyInterface.h */; settings = {ATTRIBUTES = (Public, ); }; };
		5303A93C1819BB4C0070356D /* GenericPowerSupplyDD.h in Headers */ = {isa = PBXBuildFile; fileRef = 5303A92C18190ED00070356D /* GenericPowerSupplyDD.h */; settings = {ATTRIBUTES = (Public, ); }; };
		5367761718339349006A7B25 /* ocem_test_ui.1 in CopyFiles */ = {isa = PBXBuildFile; fileRef = 5367761618339349006A7B25 /* ocem_test_ui.1 */; };
		5367761C18339379006A7B25 /* test_ui_client.c in Sources */ = {isa = PBXBuildFile; fileRef = 5367761B18339379006A7B25 /* test_ui_client.c */; };
/* End PBXBuildFile section */

/* Begin PBXContainerItemProxy section */
		5303A93918197A2F0070356D /* PBXContainerItemProxy */ = {
			isa = PBXContainerItemProxy;
			containerPortal = 3285566F17F1C43D00A64ED2 /* Project object */;
			proxyType = 1;
			remoteGlobalIDString = 3285568617F1C4AC00A64ED2;
			remoteInfo = PowerSupplyPowerSupply;
		};
/* End PBXContainerItemProxy section */

/* Begin PBXCopyFilesBuildPhase section */
		3285567517F1C43D00A64ED2 /* CopyFiles */ = {
			isa = PBXCopyFilesBuildPhase;
			buildActionMask = 2147483647;
			dstPath = /usr/share/man/man1/;
			dstSubfolderSpec = 0;
			files = (
			);
			runOnlyForDeploymentPostprocessing = 1;
		};
		5367761018339349006A7B25 /* CopyFiles */ = {
			isa = PBXCopyFilesBuildPhase;
			buildActionMask = 2147483647;
			dstPath = /usr/share/man/man1/;
			dstSubfolderSpec = 0;
			files = (
				5367761718339349006A7B25 /* ocem_test_ui.1 in CopyFiles */,
			);
			runOnlyForDeploymentPostprocessing = 1;
		};
/* End PBXCopyFilesBuildPhase section */

/* Begin PBXFileReference section */
		320762E0182BA878005B21A7 /* CMakeLists.txt */ = {isa = PBXFileReference; lastKnownFileType = text; path = CMakeLists.txt; sourceTree = "<group>"; };
		32599919182A7A09001E7D99 /* PowerSupplyCostants.h */ = {isa = PBXFileReference; fileEncoding = 4; lastKnownFileType = sourcecode.c.h; path = PowerSupplyCostants.h; sourceTree = "<group>"; };
		3259991A182A815F001E7D99 /* CmdPSReset.cpp */ = {isa = PBXFileReference; fileEncoding = 4; lastKnownFileType = sourcecode.cpp.cpp; path = CmdPSReset.cpp; sourceTree = "<group>"; };
		3259991B182A815F001E7D99 /* CmdPSReset.h */ = {isa = PBXFileReference; fileEncoding = 4; lastKnownFileType = sourcecode.c.h; path = CmdPSReset.h; sourceTree = "<group>"; };
		3285567717F1C43D00A64ED2 /* ocem_cu */ = {isa = PBXFileReference; explicitFileType = "compiled.mach-o.executable"; includeInIndex = 0; path = ocem_cu; sourceTree = BUILT_PRODUCTS_DIR; };
		3285568717F1C4AC00A64ED2 /* libdriver_powersupply.dylib */ = {isa = PBXFileReference; explicitFileType = "compiled.mach-o.dylib"; includeInIndex = 0; path = libdriver_powersupply.dylib; sourceTree = BUILT_PRODUCTS_DIR; };
		3288CE9C1830CF4700476B85 /* CmdPSSetSlope.cpp */ = {isa = PBXFileReference; fileEncoding = 4; lastKnownFileType = sourcecode.cpp.cpp; path = CmdPSSetSlope.cpp; sourceTree = "<group>"; };
		3288CE9D1830CF4700476B85 /* CmdPSSetSlope.h */ = {isa = PBXFileReference; fileEncoding = 4; lastKnownFileType = sourcecode.c.h; path = CmdPSSetSlope.h; sourceTree = "<group>"; };
		3288CE9F1830E6EC00476B85 /* CmdPSSetCurrent.cpp */ = {isa = PBXFileReference; fileEncoding = 4; lastKnownFileType = sourcecode.cpp.cpp; path = CmdPSSetCurrent.cpp; sourceTree = "<group>"; };
		3288CEA01830E6EC00476B85 /* CmdPSSetCurrent.h */ = {isa = PBXFileReference; fileEncoding = 4; lastKnownFileType = sourcecode.c.h; path = CmdPSSetCurrent.h; sourceTree = "<group>"; };
		329C7A10182A353300AF1465 /* CmdPSMode.cpp */ = {isa = PBXFileReference; fileEncoding = 4; lastKnownFileType = sourcecode.cpp.cpp; path = CmdPSMode.cpp; sourceTree = "<group>"; };
		329C7A11182A353300AF1465 /* CmdPSMode.h */ = {isa = PBXFileReference; fileEncoding = 4; lastKnownFileType = sourcecode.c.h; path = CmdPSMode.h; sourceTree = "<group>"; };
		32B8C19C18292A82001CF714 /* CmdPSDefault.cpp */ = {isa = PBXFileReference; fileEncoding = 4; lastKnownFileType = sourcecode.cpp.cpp; path = CmdPSDefault.cpp; sourceTree = "<group>"; };
		32B8C19D18292A82001CF714 /* CmdPSDefault.h */ = {isa = PBXFileReference; fileEncoding = 4; lastKnownFileType = sourcecode.c.h; path = CmdPSDefault.h; sourceTree = "<group>"; };
		32B8C1A3182931D9001CF714 /* AbstractPowerSupplyCommand.cpp */ = {isa = PBXFileReference; fileEncoding = 4; lastKnownFileType = sourcecode.cpp.cpp; path = AbstractPowerSupplyCommand.cpp; sourceTree = "<group>"; };
		32B8C1A4182931D9001CF714 /* AbstractPowerSupplyCommand.h */ = {isa = PBXFileReference; fileEncoding = 4; lastKnownFileType = sourcecode.c.h; path = AbstractPowerSupplyCommand.h; sourceTree = "<group>"; };
		32B8C1A618294409001CF714 /* PowerSupplyStateMachine.h */ = {isa = PBXFileReference; fileEncoding = 4; lastKnownFileType = sourcecode.c.h; path = PowerSupplyStateMachine.h; sourceTree = "<group>"; };
		32CCE8B91828D90F00BDCEA0 /* SCPowerSupplyControlUnit.cpp */ = {isa = PBXFileReference; fileEncoding = 4; lastKnownFileType = sourcecode.cpp.cpp; path = SCPowerSupplyControlUnit.cpp; sourceTree = "<group>"; };
		32CCE8BA1828D90F00BDCEA0 /* SCPowerSupplyControlUnit.h */ = {isa = PBXFileReference; fileEncoding = 4; lastKnownFileType = sourcecode.c.h; path = SCPowerSupplyControlUnit.h; sourceTree = "<group>"; };
		5303A92718190EBF0070356D /* ChaosPowerSupplyInterface.cpp */ = {isa = PBXFileReference; fileEncoding = 4; lastKnownFileType = sourcecode.cpp.cpp; path = ChaosPowerSupplyInterface.cpp; sourceTree = "<group>"; };
		5303A92818190EBF0070356D /* ChaosPowerSupplyInterface.h */ = {isa = PBXFileReference; fileEncoding = 4; lastKnownFileType = sourcecode.c.h; path = ChaosPowerSupplyInterface.h; sourceTree = "<group>"; };
		5303A92B18190ED00070356D /* GenericPowerSupplyDD.cpp */ = {isa = PBXFileReference; fileEncoding = 4; lastKnownFileType = sourcecode.cpp.cpp; path = GenericPowerSupplyDD.cpp; sourceTree = "<group>"; };
		5303A92C18190ED00070356D /* GenericPowerSupplyDD.h */ = {isa = PBXFileReference; fileEncoding = 4; lastKnownFileType = sourcecode.c.h; path = GenericPowerSupplyDD.h; sourceTree = "<group>"; };
		5303A92F18190F4E0070356D /* powersupply_cu.cpp */ = {isa = PBXFileReference; fileEncoding = 4; lastKnownFileType = sourcecode.cpp.cpp; path = powersupply_cu.cpp; sourceTree = "<group>"; };
		5303A93018190F4E0070356D /* PowerSupplyControlUnit.cpp */ = {isa = PBXFileReference; fileEncoding = 4; lastKnownFileType = sourcecode.cpp.cpp; path = PowerSupplyControlUnit.cpp; sourceTree = "<group>"; };
		5303A93118190F4E0070356D /* PowerSupplyControlUnit.h */ = {isa = PBXFileReference; fileEncoding = 4; lastKnownFileType = sourcecode.c.h; path = PowerSupplyControlUnit.h; sourceTree = "<group>"; };
		5367761218339349006A7B25 /* ocem_test_ui */ = {isa = PBXFileReference; explicitFileType = "compiled.mach-o.executable"; includeInIndex = 0; path = ocem_test_ui; sourceTree = BUILT_PRODUCTS_DIR; };
		5367761618339349006A7B25 /* ocem_test_ui.1 */ = {isa = PBXFileReference; lastKnownFileType = text.man; path = ocem_test_ui.1; sourceTree = "<group>"; };
		5367761B18339379006A7B25 /* test_ui_client.c */ = {isa = PBXFileReference; fileEncoding = 4; lastKnownFileType = sourcecode.c.c; path = test_ui_client.c; sourceTree = "<group>"; };
/* End PBXFileReference section */

/* Begin PBXFrameworksBuildPhase section */
		3285567417F1C43D00A64ED2 /* Frameworks */ = {
			isa = PBXFrameworksBuildPhase;
			buildActionMask = 2147483647;
			files = (
			);
			runOnlyForDeploymentPostprocessing = 0;
		};
		3285568417F1C4AC00A64ED2 /* Frameworks */ = {
			isa = PBXFrameworksBuildPhase;
			buildActionMask = 2147483647;
			files = (
			);
			runOnlyForDeploymentPostprocessing = 0;
		};
		5367760F18339349006A7B25 /* Frameworks */ = {
			isa = PBXFrameworksBuildPhase;
			buildActionMask = 2147483647;
			files = (
			);
			runOnlyForDeploymentPostprocessing = 0;
		};
/* End PBXFrameworksBuildPhase section */

/* Begin PBXGroup section */
		3285566E17F1C43D00A64ED2 = {
			isa = PBXGroup;
			children = (
				320762E0182BA878005B21A7 /* CMakeLists.txt */,
				5303A92E18190F4E0070356D /* test */,
				5303A92A18190ED00070356D /* models */,
				5303A92618190EBF0070356D /* core */,
				5367761318339349006A7B25 /* ocem_test_ui */,
				3285567817F1C43D00A64ED2 /* Products */,
			);
			sourceTree = "<group>";
		};
		3285567817F1C43D00A64ED2 /* Products */ = {
			isa = PBXGroup;
			children = (
				3285567717F1C43D00A64ED2 /* ocem_cu */,
				3285568717F1C4AC00A64ED2 /* libdriver_powersupply.dylib */,
				5367761218339349006A7B25 /* ocem_test_ui */,
			);
			name = Products;
			sourceTree = "<group>";
		};
		5303A92618190EBF0070356D /* core */ = {
			isa = PBXGroup;
			children = (
				5303A92718190EBF0070356D /* ChaosPowerSupplyInterface.cpp */,
				5303A92818190EBF0070356D /* ChaosPowerSupplyInterface.h */,
			);
			path = core;
			sourceTree = "<group>";
		};
		5303A92A18190ED00070356D /* models */ = {
			isa = PBXGroup;
			children = (
				5303A92B18190ED00070356D /* GenericPowerSupplyDD.cpp */,
				5303A92C18190ED00070356D /* GenericPowerSupplyDD.h */,
			);
			path = models;
			sourceTree = "<group>";
		};
		5303A92E18190F4E0070356D /* test */ = {
			isa = PBXGroup;
			children = (
				5303A92F18190F4E0070356D /* powersupply_cu.cpp */,
				5303A93018190F4E0070356D /* PowerSupplyControlUnit.cpp */,
				5303A93118190F4E0070356D /* PowerSupplyControlUnit.h */,
				32CCE8B91828D90F00BDCEA0 /* SCPowerSupplyControlUnit.cpp */,
				32CCE8BA1828D90F00BDCEA0 /* SCPowerSupplyControlUnit.h */,
				32B8C19C18292A82001CF714 /* CmdPSDefault.cpp */,
				32B8C19D18292A82001CF714 /* CmdPSDefault.h */,
				329C7A10182A353300AF1465 /* CmdPSMode.cpp */,
				329C7A11182A353300AF1465 /* CmdPSMode.h */,
				3259991A182A815F001E7D99 /* CmdPSReset.cpp */,
				3259991B182A815F001E7D99 /* CmdPSReset.h */,
				3288CE9C1830CF4700476B85 /* CmdPSSetSlope.cpp */,
				3288CE9D1830CF4700476B85 /* CmdPSSetSlope.h */,
				3288CE9F1830E6EC00476B85 /* CmdPSSetCurrent.cpp */,
				3288CEA01830E6EC00476B85 /* CmdPSSetCurrent.h */,
				32B8C1A3182931D9001CF714 /* AbstractPowerSupplyCommand.cpp */,
				32B8C1A4182931D9001CF714 /* AbstractPowerSupplyCommand.h */,
				32B8C1A618294409001CF714 /* PowerSupplyStateMachine.h */,
				32599919182A7A09001E7D99 /* PowerSupplyCostants.h */,
			);
			path = test;
			sourceTree = "<group>";
		};
		5367761318339349006A7B25 /* ocem_test_ui */ = {
			isa = PBXGroup;
			children = (
				5367761B18339379006A7B25 /* test_ui_client.c */,
				5367761618339349006A7B25 /* ocem_test_ui.1 */,
			);
			path = ocem_test_ui;
			sourceTree = "<group>";
		};
/* End PBXGroup section */

/* Begin PBXHeadersBuildPhase section */
		3285568517F1C4AC00A64ED2 /* Headers */ = {
			isa = PBXHeadersBuildPhase;
			buildActionMask = 2147483647;
			files = (
				5303A93C1819BB4C0070356D /* GenericPowerSupplyDD.h in Headers */,
				5303A93B1819BB010070356D /* ChaosPowerSupplyInterface.h in Headers */,
			);
			runOnlyForDeploymentPostprocessing = 0;
		};
/* End PBXHeadersBuildPhase section */

/* Begin PBXNativeTarget section */
		3285567617F1C43D00A64ED2 /* ocem_cu */ = {
			isa = PBXNativeTarget;
			buildConfigurationList = 3285568017F1C43D00A64ED2 /* Build configuration list for PBXNativeTarget "ocem_cu" */;
			buildPhases = (
				3285567317F1C43D00A64ED2 /* Sources */,
				3285567417F1C43D00A64ED2 /* Frameworks */,
				3285567517F1C43D00A64ED2 /* CopyFiles */,
			);
			buildRules = (
			);
			dependencies = (
				5303A93A18197A2F0070356D /* PBXTargetDependency */,
			);
			name = ocem_cu;
			productName = Driver;
			productReference = 3285567717F1C43D00A64ED2 /* ocem_cu */;
			productType = "com.apple.product-type.tool";
		};
		3285568617F1C4AC00A64ED2 /* driver_powersupply */ = {
			isa = PBXNativeTarget;
			buildConfigurationList = 3285568A17F1C4AC00A64ED2 /* Build configuration list for PBXNativeTarget "driver_powersupply" */;
			buildPhases = (
				3285568317F1C4AC00A64ED2 /* Sources */,
				3285568417F1C4AC00A64ED2 /* Frameworks */,
				3285568517F1C4AC00A64ED2 /* Headers */,
			);
			buildRules = (
			);
			dependencies = (
			);
			name = driver_powersupply;
			productName = DriverLib;
			productReference = 3285568717F1C4AC00A64ED2 /* libdriver_powersupply.dylib */;
			productType = "com.apple.product-type.library.dynamic";
		};
		5367761118339349006A7B25 /* ocem_test_ui */ = {
			isa = PBXNativeTarget;
			buildConfigurationList = 5367761A18339349006A7B25 /* Build configuration list for PBXNativeTarget "ocem_test_ui" */;
			buildPhases = (
				5367760E18339349006A7B25 /* Sources */,
				5367760F18339349006A7B25 /* Frameworks */,
				5367761018339349006A7B25 /* CopyFiles */,
			);
			buildRules = (
			);
			dependencies = (
			);
			name = ocem_test_ui;
			productName = ocem_test_ui;
			productReference = 5367761218339349006A7B25 /* ocem_test_ui */;
			productType = "com.apple.product-type.tool";
		};
/* End PBXNativeTarget section */

/* Begin PBXProject section */
		3285566F17F1C43D00A64ED2 /* Project object */ = {
			isa = PBXProject;
			attributes = {
				LastUpgradeCheck = 0500;
				ORGANIZATIONNAME = infn;
			};
			buildConfigurationList = 3285567217F1C43D00A64ED2 /* Build configuration list for PBXProject "PowerSupply" */;
			compatibilityVersion = "Xcode 3.2";
			developmentRegion = English;
			hasScannedForEncodings = 0;
			knownRegions = (
				en,
			);
			mainGroup = 3285566E17F1C43D00A64ED2;
			productRefGroup = 3285567817F1C43D00A64ED2 /* Products */;
			projectDirPath = "";
			projectRoot = "";
			targets = (
				3285567617F1C43D00A64ED2 /* ocem_cu */,
				3285568617F1C4AC00A64ED2 /* driver_powersupply */,
				5367761118339349006A7B25 /* ocem_test_ui */,
			);
		};
/* End PBXProject section */

/* Begin PBXSourcesBuildPhase section */
		3285567317F1C43D00A64ED2 /* Sources */ = {
			isa = PBXSourcesBuildPhase;
			buildActionMask = 2147483647;
			files = (
				3288CE9E1830CF4700476B85 /* CmdPSSetSlope.cpp in Sources */,
				32B8C1A5182931D9001CF714 /* AbstractPowerSupplyCommand.cpp in Sources */,
				3288CEA11830E6EC00476B85 /* CmdPSSetCurrent.cpp in Sources */,
				5303A93818197A240070356D /* PowerSupplyControlUnit.cpp in Sources */,
				329C7A12182A353300AF1465 /* CmdPSMode.cpp in Sources */,
				32CCE8BB1828D90F00BDCEA0 /* SCPowerSupplyControlUnit.cpp in Sources */,
				3259991C182A815F001E7D99 /* CmdPSReset.cpp in Sources */,
				5303A93218190F4E0070356D /* powersupply_cu.cpp in Sources */,
				32B8C19E18292A82001CF714 /* CmdPSDefault.cpp in Sources */,
			);
			runOnlyForDeploymentPostprocessing = 0;
		};
		3285568317F1C4AC00A64ED2 /* Sources */ = {
			isa = PBXSourcesBuildPhase;
			buildActionMask = 2147483647;
			files = (
				5303A93418194CDC0070356D /* GenericPowerSupplyDD.cpp in Sources */,
				5303A93518194CDC0070356D /* GenericPowerSupplyDD.h in Sources */,
				5303A93618194CDC0070356D /* ChaosPowerSupplyInterface.cpp in Sources */,
				5303A93718194CDC0070356D /* ChaosPowerSupplyInterface.h in Sources */,
			);
			runOnlyForDeploymentPostprocessing = 0;
		};
		5367760E18339349006A7B25 /* Sources */ = {
			isa = PBXSourcesBuildPhase;
			buildActionMask = 2147483647;
			files = (
				5367761C18339379006A7B25 /* test_ui_client.c in Sources */,
			);
			runOnlyForDeploymentPostprocessing = 0;
		};
/* End PBXSourcesBuildPhase section */

/* Begin PBXTargetDependency section */
		5303A93A18197A2F0070356D /* PBXTargetDependency */ = {
			isa = PBXTargetDependency;
			target = 3285568617F1C4AC00A64ED2 /* driver_powersupply */;
			targetProxy = 5303A93918197A2F0070356D /* PBXContainerItemProxy */;
		};
/* End PBXTargetDependency section */

/* Begin XCBuildConfiguration section */
		3285567E17F1C43D00A64ED2 /* Debug */ = {
			isa = XCBuildConfiguration;
			buildSettings = {
				ALWAYS_SEARCH_USER_PATHS = NO;
				CLANG_CXX_LANGUAGE_STANDARD = "gnu++0x";
				CLANG_CXX_LIBRARY = "compiler-default";
				CLANG_ENABLE_OBJC_ARC = YES;
				CLANG_WARN_BOOL_CONVERSION = YES;
				CLANG_WARN_CONSTANT_CONVERSION = YES;
				CLANG_WARN_DIRECT_OBJC_ISA_USAGE = YES_ERROR;
				CLANG_WARN_EMPTY_BODY = YES;
				CLANG_WARN_ENUM_CONVERSION = YES;
				CLANG_WARN_INT_CONVERSION = YES;
				CLANG_WARN_OBJC_ROOT_CLASS = YES_ERROR;
				CLANG_WARN__DUPLICATE_METHOD_MATCH = YES;
				COPY_PHASE_STRIP = NO;
				GCC_C_LANGUAGE_STANDARD = gnu99;
				GCC_DYNAMIC_NO_PIC = NO;
				GCC_ENABLE_OBJC_EXCEPTIONS = YES;
				GCC_OPTIMIZATION_LEVEL = 0;
				GCC_PREPROCESSOR_DEFINITIONS = (
					"DEBUG=1",
					"$(inherited)",
				);
				GCC_SYMBOLS_PRIVATE_EXTERN = NO;
				GCC_WARN_64_TO_32_BIT_CONVERSION = YES;
				GCC_WARN_ABOUT_RETURN_TYPE = YES_ERROR;
				GCC_WARN_UNDECLARED_SELECTOR = YES;
				GCC_WARN_UNINITIALIZED_AUTOS = YES;
				GCC_WARN_UNUSED_FUNCTION = YES;
				GCC_WARN_UNUSED_VARIABLE = YES;
				HEADER_SEARCH_PATHS = (
					"$(inherited)",
					/Applications/Xcode.app/Contents/Developer/Toolchains/XcodeDefault.xctoolchain/usr/include,
					../../usr/local/include,
				);
				LIBRARY_SEARCH_PATHS = "$(SRCROOT)/../../usr/local/lib";
				MACOSX_DEPLOYMENT_TARGET = 10.8;
				ONLY_ACTIVE_ARCH = YES;
				OTHER_LDFLAGS = (
					"-lboost_chrono",
					"-lmemcached",
					"-lboost_system",
					"-lboost_thread",
					"-lboost_program_options",
					"-lboost_regex",
					"-lboost_filesystem",
					"-lmpio",
					"-lmsgpack",
					"-lmsgpack-rpc",
					"-lboost_log",
					"-lboost_log_setup",
					"-lchaos_cutoolkit",
					"-lchaos_common",
				);
				SDKROOT = macosx;
			};
			name = Debug;
		};
		3285567F17F1C43D00A64ED2 /* Release */ = {
			isa = XCBuildConfiguration;
			buildSettings = {
				ALWAYS_SEARCH_USER_PATHS = NO;
				CLANG_CXX_LANGUAGE_STANDARD = "gnu++0x";
				CLANG_CXX_LIBRARY = "compiler-default";
				CLANG_ENABLE_OBJC_ARC = YES;
				CLANG_WARN_BOOL_CONVERSION = YES;
				CLANG_WARN_CONSTANT_CONVERSION = YES;
				CLANG_WARN_DIRECT_OBJC_ISA_USAGE = YES_ERROR;
				CLANG_WARN_EMPTY_BODY = YES;
				CLANG_WARN_ENUM_CONVERSION = YES;
				CLANG_WARN_INT_CONVERSION = YES;
				CLANG_WARN_OBJC_ROOT_CLASS = YES_ERROR;
				CLANG_WARN__DUPLICATE_METHOD_MATCH = YES;
				COPY_PHASE_STRIP = YES;
				DEBUG_INFORMATION_FORMAT = "dwarf-with-dsym";
				ENABLE_NS_ASSERTIONS = NO;
				GCC_C_LANGUAGE_STANDARD = gnu99;
				GCC_ENABLE_OBJC_EXCEPTIONS = YES;
				GCC_WARN_64_TO_32_BIT_CONVERSION = YES;
				GCC_WARN_ABOUT_RETURN_TYPE = YES_ERROR;
				GCC_WARN_UNDECLARED_SELECTOR = YES;
				GCC_WARN_UNINITIALIZED_AUTOS = YES;
				GCC_WARN_UNUSED_FUNCTION = YES;
				GCC_WARN_UNUSED_VARIABLE = YES;
				HEADER_SEARCH_PATHS = (
					"$(inherited)",
					/Applications/Xcode.app/Contents/Developer/Toolchains/XcodeDefault.xctoolchain/usr/include,
					../../usr/local/include,
				);
				LIBRARY_SEARCH_PATHS = "$(SRCROOT)/../../usr/local/lib";
				MACOSX_DEPLOYMENT_TARGET = 10.8;
				OTHER_LDFLAGS = (
					"-lboost_chrono",
					"-lmemcached",
					"-lboost_system",
					"-lboost_thread",
					"-lboost_program_options",
					"-lboost_regex",
					"-lboost_filesystem",
					"-lmpio",
					"-lmsgpack",
					"-lmsgpack-rpc",
					"-lboost_log",
					"-lboost_log_setup",
					"-lchaos_cutoolkit",
					"-lchaos_common",
				);
				SDKROOT = macosx;
			};
			name = Release;
		};
		3285568117F1C43D00A64ED2 /* Debug */ = {
			isa = XCBuildConfiguration;
			buildSettings = {
				CLANG_CXX_LANGUAGE_STANDARD = "compiler-default";
				CLANG_CXX_LIBRARY = "libstdc++";
				CONFIGURATION_BUILD_DIR = "$(SRCROOT)/../../usr/local/bin";
				DSTROOT = /;
				INSTALL_PATH = "$(SRCROOT)/../../usr/local/bin";
				OTHER_LDFLAGS = (
					"-lboost_chrono",
					"-lmemcached",
					"-lboost_system",
					"-lboost_thread",
					"-lboost_program_options",
					"-lboost_regex",
					"-lboost_filesystem",
					"-lmpio",
					"-lmsgpack",
					"-lmsgpack-rpc",
					"-lboost_log",
					"-lboost_log_setup",
					"-lchaos_cutoolkit",
					"-lchaos_common",
					"-lcommon_powersupply",
					"-lcommon_debug",
					"-lcommon_serial",
					"-ldriver_powersupply",
				);
				PRODUCT_NAME = "$(TARGET_NAME)";
			};
			name = Debug;
		};
		3285568217F1C43D00A64ED2 /* Release */ = {
			isa = XCBuildConfiguration;
			buildSettings = {
				CLANG_CXX_LANGUAGE_STANDARD = "compiler-default";
				CLANG_CXX_LIBRARY = "libstdc++";
				CONFIGURATION_BUILD_DIR = "$(SRCROOT)/../../usr/local/bin";
				DSTROOT = /;
				INSTALL_PATH = "$(SRCROOT)/../../usr/local/bin";
				OTHER_LDFLAGS = (
					"-lboost_chrono",
					"-lmemcached",
					"-lboost_system",
					"-lboost_thread",
					"-lboost_program_options",
					"-lboost_regex",
					"-lboost_filesystem",
					"-lmpio",
					"-lmsgpack",
					"-lmsgpack-rpc",
					"-lboost_log",
					"-lboost_log_setup",
					"-lchaos_cutoolkit",
					"-lchaos_common",
					"-lcommon_powersupply",
					"-lcommon_debug",
					"-lcommon_serial",
					"-ldriver_powersupply",
				);
				PRODUCT_NAME = "$(TARGET_NAME)";
			};
			name = Release;
		};
		3285568817F1C4AC00A64ED2 /* Debug */ = {
			isa = XCBuildConfiguration;
			buildSettings = {
				CLANG_CXX_LANGUAGE_STANDARD = "compiler-default";
				CLANG_CXX_LIBRARY = "libstdc++";
				CONFIGURATION_BUILD_DIR = "$(SRCROOT)/../../usr/local/extension";
				DEPLOYMENT_LOCATION = YES;
				DSTROOT = /;
				EXECUTABLE_EXTENSION = dylib;
				EXECUTABLE_PREFIX = lib;
				GCC_C_LANGUAGE_STANDARD = "compiler-default";
				GCC_PREPROCESSOR_DEFINITIONS = (
					"DEBUG=1",
					"$(inherited)",
				);
				HEADER_SEARCH_PATHS = (
					../../,
					"$(SRCROOT)/../../usr/local/include",
				);
				INSTALL_PATH = "$(SRCROOT)/../../usr/local/lib";
				OTHER_LDFLAGS = (
					"-lboost_chrono",
					"-lmemcached",
					"-lboost_system",
					"-lboost_thread",
					"-lboost_program_options",
					"-lboost_regex",
					"-lboost_filesystem",
					"-lmpio",
					"-lmsgpack",
					"-lmsgpack-rpc",
					"-lboost_log",
					"-lboost_log_setup",
					"-lchaos_cutoolkit",
					"-lchaos_common",
					"-lcommon_serial",
					"-lcommon_debug",
					"-lcommon_powersupply",
				);
				PRIVATE_HEADERS_FOLDER_PATH = "$(SRCROOT)/../../usr/local/include/driver/powersupply/core";
				PRODUCT_NAME = driver_powersupply;
				PUBLIC_HEADERS_FOLDER_PATH = "$(SRCROOT)/../../usr/local/include/driver/powersupply";
			};
			name = Debug;
		};
		3285568917F1C4AC00A64ED2 /* Release */ = {
			isa = XCBuildConfiguration;
			buildSettings = {
				CLANG_CXX_LANGUAGE_STANDARD = "compiler-default";
				CLANG_CXX_LIBRARY = "libstdc++";
				CONFIGURATION_BUILD_DIR = "$(SRCROOT)/../../usr/local/extension";
				DEPLOYMENT_LOCATION = YES;
				DSTROOT = /;
				EXECUTABLE_EXTENSION = dylib;
				EXECUTABLE_PREFIX = lib;
				GCC_C_LANGUAGE_STANDARD = "compiler-default";
				HEADER_SEARCH_PATHS = (
					../../,
					"$(SRCROOT)/../../usr/local/include",
				);
				INSTALL_PATH = "$(SRCROOT)/../../usr/local/lib";
				OTHER_LDFLAGS = (
					"-lboost_chrono",
					"-lmemcached",
					"-lboost_system",
					"-lboost_thread",
					"-lboost_program_options",
					"-lboost_regex",
					"-lboost_filesystem",
					"-lmpio",
					"-lmsgpack",
					"-lmsgpack-rpc",
					"-lboost_log",
					"-lboost_log_setup",
					"-lchaos_cutoolkit",
					"-lchaos_common",
					"-lcommon_serial",
					"-lcommon_debug",
					"-lcommon_powersupply",
				);
				PRIVATE_HEADERS_FOLDER_PATH = "$(SRCROOT)/../../usr/local/include/driver/powersupply/core";
				PRODUCT_NAME = driver_powersupply;
				PUBLIC_HEADERS_FOLDER_PATH = "$(SRCROOT)/../../usr/local/include/driver/powersupply";
			};
			name = Release;
		};
		5367761818339349006A7B25 /* Debug */ = {
			isa = XCBuildConfiguration;
			buildSettings = {
				CLANG_CXX_LIBRARY = "libc++";
				DSTROOT = /;
				GCC_PREPROCESSOR_DEFINITIONS = (
					"DEBUG=1",
					"$(inherited)",
				);
				INSTALL_PATH = "$(SRCROOT)/../../usr/local/bin";
				MACOSX_DEPLOYMENT_TARGET = 10.9;
				OTHER_LDFLAGS = (
					"-lboost_chrono",
					"-lmemcached",
					"-lboost_system",
					"-lboost_thread",
					"-lboost_program_options",
					"-lboost_regex",
					"-lboost_filesystem",
					"-lmpio",
					"-lmsgpack",
					"-lmsgpack-rpc",
					"-lboost_log",
					"-lboost_log_setup",
					"-lchaos_cutoolkit",
					"-lchaos_common",
					"-lchaos_uitoolkit",
				);
				PRODUCT_NAME = "$(TARGET_NAME)";
			};
			name = Debug;
		};
		5367761918339349006A7B25 /* Release */ = {
			isa = XCBuildConfiguration;
			buildSettings = {
				CLANG_CXX_LIBRARY = "libc++";
				DSTROOT = /;
				INSTALL_PATH = "$(SRCROOT)/../../usr/local/bin";
				MACOSX_DEPLOYMENT_TARGET = 10.9;
				OTHER_LDFLAGS = (
					"-lboost_chrono",
					"-lmemcached",
					"-lboost_system",
					"-lboost_thread",
					"-lboost_program_options",
					"-lboost_regex",
					"-lboost_filesystem",
					"-lmpio",
					"-lmsgpack",
					"-lmsgpack-rpc",
					"-lboost_log",
					"-lboost_log_setup",
					"-lchaos_cutoolkit",
					"-lchaos_common",
					"-lchaos_uitoolkit",
				);
				PRODUCT_NAME = "$(TARGET_NAME)";
			};
			name = Release;
		};
/* End XCBuildConfiguration section */

/* Begin XCConfigurationList section */
		3285567217F1C43D00A64ED2 /* Build configuration list for PBXProject "PowerSupply" */ = {
			isa = XCConfigurationList;
			buildConfigurations = (
				3285567E17F1C43D00A64ED2 /* Debug */,
				3285567F17F1C43D00A64ED2 /* Release */,
			);
			defaultConfigurationIsVisible = 0;
			defaultConfigurationName = Release;
		};
		3285568017F1C43D00A64ED2 /* Build configuration list for PBXNativeTarget "ocem_cu" */ = {
			isa = XCConfigurationList;
			buildConfigurations = (
				3285568117F1C43D00A64ED2 /* Debug */,
				3285568217F1C43D00A64ED2 /* Release */,
			);
			defaultConfigurationIsVisible = 0;
			defaultConfigurationName = Release;
		};
		3285568A17F1C4AC00A64ED2 /* Build configuration list for PBXNativeTarget "driver_powersupply" */ = {
			isa = XCConfigurationList;
			buildConfigurations = (
				3285568817F1C4AC00A64ED2 /* Debug */,
				3285568917F1C4AC00A64ED2 /* Release */,
			);
			defaultConfigurationIsVisible = 0;
			defaultConfigurationName = Release;
		};
		5367761A18339349006A7B25 /* Build configuration list for PBXNativeTarget "ocem_test_ui" */ = {
			isa = XCConfigurationList;
			buildConfigurations = (
				5367761818339349006A7B25 /* Debug */,
				5367761918339349006A7B25 /* Release */,
			);
			defaultConfigurationIsVisible = 0;
			defaultConfigurationName = Release;
		};
/* End XCConfigurationList section */
	};
	rootObject = 3285566F17F1C43D00A64ED2 /* Project object */;
}
